
Microsoft Visual Studio Solution File, Format Version 12.00
# Visual Studio 15
VisualStudioVersion = 15.0.28307.168
MinimumVisualStudioVersion = 10.0.40219.1
Project("{9A19103F-16F7-4668-BE54-9A1E7A4F7556}") = "System.Net.WebClientForTestPurpose", "System.Net.WebClientForTestPurpose\System.Net.WebClientForTestPurpose.csproj", "{9096A068-FE56-433F-841A-DBB23252729A}"
EndProject
Project("{9A19103F-16F7-4668-BE54-9A1E7A4F7556}") = "System.Net.WebClientForTestPurpose.Test", "System.Net.WebClientForTestPurpose.Test\System.Net.WebClientForTestPurpose.Test.csproj", "{105D8D4E-9B58-406C-AAAB-F25DE4FDB9A7}"
EndProject
Global
	GlobalSection(SolutionConfigurationPlatforms) = preSolution
		Debug|Any CPU = Debug|Any CPU
		Release|Any CPU = Release|Any CPU
	EndGlobalSection
	GlobalSection(ProjectConfigurationPlatforms) = postSolution
		{9096A068-FE56-433F-841A-DBB23252729A}.Debug|Any CPU.ActiveCfg = Debug|Any CPU
		{9096A068-FE56-433F-841A-DBB23252729A}.Debug|Any CPU.Build.0 = Debug|Any CPU
		{9096A068-FE56-433F-841A-DBB23252729A}.Release|Any CPU.ActiveCfg = Release|Any CPU
		{9096A068-FE56-433F-841A-DBB23252729A}.Release|Any CPU.Build.0 = Release|Any CPU
		{105D8D4E-9B58-406C-AAAB-F25DE4FDB9A7}.Debug|Any CPU.ActiveCfg = Debug|Any CPU
		{105D8D4E-9B58-406C-AAAB-F25DE4FDB9A7}.Debug|Any CPU.Build.0 = Debug|Any CPU
		{105D8D4E-9B58-406C-AAAB-F25DE4FDB9A7}.Release|Any CPU.ActiveCfg = Release|Any CPU
		{105D8D4E-9B58-406C-AAAB-F25DE4FDB9A7}.Release|Any CPU.Build.0 = Release|Any CPU
	EndGlobalSection
	GlobalSection(SolutionProperties) = preSolution
		HideSolutionNode = FALSE
	EndGlobalSection
	GlobalSection(ExtensibilityGlobals) = postSolution
		SolutionGuid = {A720FB04-CBE9-4C6D-8292-6BE10A304EC2}
	EndGlobalSection
EndGlobal
